
Microsoft Visual Studio Solution File, Format Version 12.00
# Visual Studio Version 16
VisualStudioVersion = 16.0.30717.126
MinimumVisualStudioVersion = 10.0.40219.1
Project("{FAE04EC0-301F-11D3-BF4B-00C04F79EFBC}") = "ExoFacturation.Server", "ExoFacturation\Server\ExoFacturation.Server.csproj", "{E046C0A0-A009-4B5C-9A0E-3063CC6EB3AE}"
EndProject
Project("{FAE04EC0-301F-11D3-BF4B-00C04F79EFBC}") = "ExoFacturation.Client", "ExoFacturation\Client\ExoFacturation.Client.csproj", "{09850C75-246A-416C-BF95-0C1A6C61E15E}"
EndProject
Project("{FAE04EC0-301F-11D3-BF4B-00C04F79EFBC}") = "ExoFacturation.Shared", "ExoFacturation\Shared\ExoFacturation.Shared.csproj", "{2F057417-4642-4557-B29A-DEAACE9D06E0}"
EndProject
Global
	GlobalSection(SolutionConfigurationPlatforms) = preSolution
		Debug|Any CPU = Debug|Any CPU
		Release|Any CPU = Release|Any CPU
	EndGlobalSection
	GlobalSection(ProjectConfigurationPlatforms) = postSolution
		{E046C0A0-A009-4B5C-9A0E-3063CC6EB3AE}.Debug|Any CPU.ActiveCfg = Debug|Any CPU
		{E046C0A0-A009-4B5C-9A0E-3063CC6EB3AE}.Debug|Any CPU.Build.0 = Debug|Any CPU
		{E046C0A0-A009-4B5C-9A0E-3063CC6EB3AE}.Release|Any CPU.ActiveCfg = Release|Any CPU
		{E046C0A0-A009-4B5C-9A0E-3063CC6EB3AE}.Release|Any CPU.Build.0 = Release|Any CPU
		{09850C75-246A-416C-BF95-0C1A6C61E15E}.Debug|Any CPU.ActiveCfg = Debug|Any CPU
		{09850C75-246A-416C-BF95-0C1A6C61E15E}.Debug|Any CPU.Build.0 = Debug|Any CPU
		{09850C75-246A-416C-BF95-0C1A6C61E15E}.Release|Any CPU.ActiveCfg = Release|Any CPU
		{09850C75-246A-416C-BF95-0C1A6C61E15E}.Release|Any CPU.Build.0 = Release|Any CPU
		{2F057417-4642-4557-B29A-DEAACE9D06E0}.Debug|Any CPU.ActiveCfg = Debug|Any CPU
		{2F057417-4642-4557-B29A-DEAACE9D06E0}.Debug|Any CPU.Build.0 = Debug|Any CPU
		{2F057417-4642-4557-B29A-DEAACE9D06E0}.Release|Any CPU.ActiveCfg = Release|Any CPU
		{2F057417-4642-4557-B29A-DEAACE9D06E0}.Release|Any CPU.Build.0 = Release|Any CPU
	EndGlobalSection
	GlobalSection(SolutionProperties) = preSolution
		HideSolutionNode = FALSE
	EndGlobalSection
	GlobalSection(ExtensibilityGlobals) = postSolution
		SolutionGuid = {7C5B29DE-7A3C-4B40-8242-31D7043A5E81}
	EndGlobalSection
EndGlobal
